
Microsoft Visual Studio Solution File, Format Version 12.00
# Visual Studio Version 17
VisualStudioVersion = 17.8.34525.116
MinimumVisualStudioVersion = 10.0.40219.1
Project("{FAE04EC0-301F-11D3-BF4B-00C04F79EFBC}") = "ConsoleAppShow", "ConsoleAppShow\ConsoleAppShow.csproj", "{0373F555-E76D-4DFD-BA5F-A4652970AC53}"
EndProject
Global
	GlobalSection(SolutionConfigurationPlatforms) = preSolution
		Debug|Any CPU = Debug|Any CPU
		Release|Any CPU = Release|Any CPU
	EndGlobalSection
	GlobalSection(ProjectConfigurationPlatforms) = postSolution
		{0373F555-E76D-4DFD-BA5F-A4652970AC53}.Debug|Any CPU.ActiveCfg = Debug|Any CPU
		{0373F555-E76D-4DFD-BA5F-A4652970AC53}.Debug|Any CPU.Build.0 = Debug|Any CPU
		{0373F555-E76D-4DFD-BA5F-A4652970AC53}.Release|Any CPU.ActiveCfg = Release|Any CPU
		{0373F555-E76D-4DFD-BA5F-A4652970AC53}.Release|Any CPU.Build.0 = Release|Any CPU
	EndGlobalSection
	GlobalSection(SolutionProperties) = preSolution
		HideSolutionNode = FALSE
	EndGlobalSection
	GlobalSection(ExtensibilityGlobals) = postSolution
		SolutionGuid = {7430B9D7-4B4B-4C0A-BBB5-601712F2742A}
	EndGlobalSection
EndGlobal
